
Microsoft Visual Studio Solution File, Format Version 12.00
# Visual Studio Version 17
VisualStudioVersion = 17.1.32328.378
MinimumVisualStudioVersion = 10.0.40219.1
Project("{8BC9CEB8-8B4A-11D0-8D11-00A0C91BC942}") = "CG", "CG1_1.vcxproj", "{A7BF62A2-ABBB-4DB8-9F4D-3FE84079166D}"
EndProject
Project("{2150E333-8FDC-42A3-9474-1A3956D46DE8}") = "ソリューション項目", "ソリューション項目", "{B304400C-97ED-41E2-AFDD-13A3CF654D7A}"
	ProjectSection(SolutionItems) = preProject
		.editorconfig = .editorconfig
	EndProjectSection
EndProject
Project("{8BC9CEB8-8B4A-11D0-8D11-00A0C91BC942}") = "imgui", "imgui\imgui.vcxproj", "{0FD18634-37ED-4EFB-AC2C-D49FE96DB833}"
EndProject
Global
	GlobalSection(SolutionConfigurationPlatforms) = preSolution
		Debug|x64 = Debug|x64
		Debug|x86 = Debug|x86
		Profile|x64 = Profile|x64
		Profile|x86 = Profile|x86
		Release|x64 = Release|x64
		Release|x86 = Release|x86
	EndGlobalSection
	GlobalSection(ProjectConfigurationPlatforms) = postSolution
		{A7BF62A2-ABBB-4DB8-9F4D-3FE84079166D}.Debug|x64.ActiveCfg = Debug|x64
		{A7BF62A2-ABBB-4DB8-9F4D-3FE84079166D}.Debug|x64.Build.0 = Debug|x64
		{A7BF62A2-ABBB-4DB8-9F4D-3FE84079166D}.Debug|x86.ActiveCfg = Debug|x64
		{A7BF62A2-ABBB-4DB8-9F4D-3FE84079166D}.Debug|x86.Build.0 = Debug|x64
		{A7BF62A2-ABBB-4DB8-9F4D-3FE84079166D}.Profile|x64.ActiveCfg = Release|x64
		{A7BF62A2-ABBB-4DB8-9F4D-3FE84079166D}.Profile|x64.Build.0 = Release|x64
		{A7BF62A2-ABBB-4DB8-9F4D-3FE84079166D}.Profile|x86.ActiveCfg = Release|x64
		{A7BF62A2-ABBB-4DB8-9F4D-3FE84079166D}.Profile|x86.Build.0 = Release|x64
		{A7BF62A2-ABBB-4DB8-9F4D-3FE84079166D}.Release|x64.ActiveCfg = Release|x64
		{A7BF62A2-ABBB-4DB8-9F4D-3FE84079166D}.Release|x64.Build.0 = Release|x64
		{A7BF62A2-ABBB-4DB8-9F4D-3FE84079166D}.Release|x86.ActiveCfg = Release|x64
		{A7BF62A2-ABBB-4DB8-9F4D-3FE84079166D}.Release|x86.Build.0 = Release|x64
		{0FD18634-37ED-4EFB-AC2C-D49FE96DB833}.Debug|x64.ActiveCfg = Debug|x64
		{0FD18634-37ED-4EFB-AC2C-D49FE96DB833}.Debug|x64.Build.0 = Debug|x64
		{0FD18634-37ED-4EFB-AC2C-D49FE96DB833}.Debug|x86.ActiveCfg = Debug|Win32
		{0FD18634-37ED-4EFB-AC2C-D49FE96DB833}.Debug|x86.Build.0 = Debug|Win32
		{0FD18634-37ED-4EFB-AC2C-D49FE96DB833}.Profile|x64.ActiveCfg = Debug|x64
		{0FD18634-37ED-4EFB-AC2C-D49FE96DB833}.Profile|x64.Build.0 = Debug|x64
		{0FD18634-37ED-4EFB-AC2C-D49FE96DB833}.Profile|x86.ActiveCfg = Debug|Win32
		{0FD18634-37ED-4EFB-AC2C-D49FE96DB833}.Profile|x86.Build.0 = Debug|Win32
		{0FD18634-37ED-4EFB-AC2C-D49FE96DB833}.Release|x64.ActiveCfg = Release|x64
		{0FD18634-37ED-4EFB-AC2C-D49FE96DB833}.Release|x64.Build.0 = Release|x64
		{0FD18634-37ED-4EFB-AC2C-D49FE96DB833}.Release|x86.ActiveCfg = Release|Win32
		{0FD18634-37ED-4EFB-AC2C-D49FE96DB833}.Release|x86.Build.0 = Release|Win32
	EndGlobalSection
	GlobalSection(SolutionProperties) = preSolution
		HideSolutionNode = FALSE
	EndGlobalSection
	GlobalSection(ExtensibilityGlobals) = postSolution
		SolutionGuid = {CFAF8AE0-B8EF-4D94-B93B-0136BC0148A8}
	EndGlobalSection
EndGlobal
