<?xml version="1.0" encoding="utf-8"?>
<Project ToolsVersion="4.0" xmlns="http://schemas.microsoft.com/developer/msbuild/2003">
  <ItemGroup>
    <FxCompile Include="Resources\shaders\BasicGS.hlsl" />
    <FxCompile Include="Resources\shaders\BasicPS.hlsl" />
    <FxCompile Include="Resources\shaders\BasicVS.hlsl" />
    <FxCompile Include="Resources\shaders\FBXPS.hlsl" />
    <FxCompile Include="Resources\shaders\FBXVS.hlsl" />
    <FxCompile Include="Resources\shaders\OBJPS.hlsl" />
    <FxCompile Include="Resources\shaders\OBJVS.hlsl" />
    <FxCompile Include="Resources\shaders\ParticleGS.hlsl" />
    <FxCompile Include="Resources\shaders\ParticlePS.hlsl" />
    <FxCompile Include="Resources\shaders\ParticleVS.hlsl" />
    <FxCompile Include="Resources\shaders\PixelShader.hlsl" />
    <FxCompile Include="Resources\shaders\SpritePS.hlsl" />
    <FxCompile Include="Resources\shaders\SpriteVS.hlsl" />
    <FxCompile Include="Resources\shaders\VertexShader.hlsl" />
  </ItemGroup>
  <ItemGroup>
    <ClCompile Include="app\cpp\Base\Camera.cpp" />
    <ClCompile Include="app\cpp\Base\CSVLoader.cpp" />
    <ClCompile Include="app\cpp\3D\CubeModel.cpp" />
    <ClCompile Include="app\cpp\3D\CubeObject3D.cpp" />
    <ClCompile Include="app\cpp\Base\DirectXCommon.cpp" />
    <ClCompile Include="app\cpp\Game\Enemy.cpp" />
    <ClCompile Include="app\cpp\Game\EnemyBullet.cpp" />
    <ClCompile Include="app\cpp\3D\FbxLoader.cpp" />
    <ClCompile Include="app\cpp\3D\FbxModel.cpp" />
    <ClCompile Include="app\cpp\3D\FbxObject3D.cpp" />
    <ClCompile Include="app\cpp\Game\GameScene.cpp" />
    <ClCompile Include="app\cpp\Base\Input.cpp" />
    <ClCompile Include="app\cpp\Base\LoadFile.cpp" />
    <ClCompile Include="app\cpp\3D\LineModel.cpp" />
    <ClCompile Include="app\cpp\3D\LineObject.cpp" />
    <ClCompile Include="app\cpp\Base\main.cpp" />
    <ClCompile Include="app\cpp\3D\Model.cpp" />
    <ClCompile Include="app\cpp\3D\Object3d.cpp" />
    <ClCompile Include="app\cpp\2D\ParticleManager.cpp" />
    <ClCompile Include="app\cpp\Game\Player.cpp" />
    <ClCompile Include="app\cpp\Game\PlayerBullet.cpp" />
    <ClCompile Include="app\cpp\Base\ResourceManager.cpp" />
    <ClCompile Include="app\cpp\2D\Sprite.cpp" />
    <ClCompile Include="app\cpp\2D\SpriteCommon.cpp" />
    <ClCompile Include="app\cpp\Base\Vector3.cpp" />
    <ClCompile Include="app\cpp\Base\WinApp.cpp" />
    <ClCompile Include="app\cpp\3D\WireObject.cpp" />
  </ItemGroup>
  <ItemGroup>
    <ClInclude Include="app\ヘッダー\Base\Camera.h" />
    <ClInclude Include="app\ヘッダー\Base\CSVLoader.h" />
    <ClInclude Include="app\ヘッダー\3D\CubeModel.h" />
    <ClInclude Include="app\ヘッダー\3D\CubeObject3D.h" />
    <ClInclude Include="app\ヘッダー\Base\DirectXCommon.h" />
    <ClInclude Include="app\ヘッダー\Game\Enemy.h" />
    <ClInclude Include="app\ヘッダー\Game\EnemyBullet.h" />
    <ClInclude Include="app\ヘッダー\3D\FbxLoader.h" />
    <ClInclude Include="app\ヘッダー\3D\FbxModel.h" />
    <ClInclude Include="app\ヘッダー\3D\FbxObject3D.h" />
    <ClInclude Include="app\ヘッダー\Base\Input.h" />
    <ClInclude Include="app\ヘッダー\Base\json.hpp" />
    <ClInclude Include="app\ヘッダー\Base\LoadFile.h" />
    <ClInclude Include="app\ヘッダー\3D\LineModel.h" />
    <ClInclude Include="app\ヘッダー\3D\LineObject.h" />
    <ClInclude Include="app\ヘッダー\3D\Model.h" />
    <ClInclude Include="app\ヘッダー\3D\Object3d.h" />
    <ClInclude Include="app\ヘッダー\2D\ParticleManager.h" />
    <ClInclude Include="app\ヘッダー\Game\Player.h" />
    <ClInclude Include="app\ヘッダー\Game\PlayerBullet.h" />
    <ClInclude Include="app\ヘッダー\Base\ResourceManager.h" />
    <ClInclude Include="app\ヘッダー\2D\Sprite.h" />
    <ClInclude Include="app\ヘッダー\2D\SpriteCommon.h" />
    <ClInclude Include="app\ヘッダー\Base\Vector3.h" />
    <ClInclude Include="app\ヘッダー\Base\WinApp.h" />
    <ClInclude Include="app\ヘッダー\3D\WireObject.h" />
    <ClInclude Include="app\ヘッダー\Game\GameScene.h" />
  </ItemGroup>
  <ItemGroup>
    <None Include="Resources\shaders\Basic.hlsli" />
    <None Include="Resources\shaders\FBX.hlsli" />
    <None Include="Resources\shaders\OBJ.hlsli" />
    <None Include="Resources\shaders\Particle.hlsli" />
    <None Include="Resources\shaders\ShaderHeader.hlsli" />
    <None Include="Resources\shaders\Sprite.hlsli" />
  </ItemGroup>
</Project>